
Microsoft Visual Studio Solution File, Format Version 12.00
# Visual Studio Version 16
VisualStudioVersion = 16.0.29613.14
MinimumVisualStudioVersion = 10.0.40219.1
Project("{FAE04EC0-301F-11D3-BF4B-00C04F79EFBC}") = "iPROPEIS.Android", "iPROPEIS\iPROPEIS.Android\iPROPEIS.Android.csproj", "{8E99B637-1AE8-43AC-AE17-B43160FAF1DE}"
EndProject
Project("{FAE04EC0-301F-11D3-BF4B-00C04F79EFBC}") = "iPROPEIS.iOS", "iPROPEIS\iPROPEIS.iOS\iPROPEIS.iOS.csproj", "{4CA517EF-EF59-474A-8271-3545E828CA99}"
EndProject
Project("{FAE04EC0-301F-11D3-BF4B-00C04F79EFBC}") = "iPROPEIS", "iPROPEIS\iPROPEIS\iPROPEIS.csproj", "{80AD608D-1F06-4BD0-BF53-2D10D115A1EA}"
EndProject
Global
	GlobalSection(SolutionConfigurationPlatforms) = preSolution
		Debug|Any CPU = Debug|Any CPU
		Debug|iPhone = Debug|iPhone
		Debug|iPhoneSimulator = Debug|iPhoneSimulator
		Release|Any CPU = Release|Any CPU
		Release|iPhone = Release|iPhone
		Release|iPhoneSimulator = Release|iPhoneSimulator
	EndGlobalSection
	GlobalSection(ProjectConfigurationPlatforms) = postSolution
		{8E99B637-1AE8-43AC-AE17-B43160FAF1DE}.Debug|Any CPU.ActiveCfg = Debug|Any CPU
		{8E99B637-1AE8-43AC-AE17-B43160FAF1DE}.Debug|Any CPU.Build.0 = Debug|Any CPU
		{8E99B637-1AE8-43AC-AE17-B43160FAF1DE}.Debug|Any CPU.Deploy.0 = Debug|Any CPU
		{8E99B637-1AE8-43AC-AE17-B43160FAF1DE}.Debug|iPhone.ActiveCfg = Debug|Any CPU
		{8E99B637-1AE8-43AC-AE17-B43160FAF1DE}.Debug|iPhone.Build.0 = Debug|Any CPU
		{8E99B637-1AE8-43AC-AE17-B43160FAF1DE}.Debug|iPhone.Deploy.0 = Debug|Any CPU
		{8E99B637-1AE8-43AC-AE17-B43160FAF1DE}.Debug|iPhoneSimulator.ActiveCfg = Debug|Any CPU
		{8E99B637-1AE8-43AC-AE17-B43160FAF1DE}.Debug|iPhoneSimulator.Build.0 = Debug|Any CPU
		{8E99B637-1AE8-43AC-AE17-B43160FAF1DE}.Debug|iPhoneSimulator.Deploy.0 = Debug|Any CPU
		{8E99B637-1AE8-43AC-AE17-B43160FAF1DE}.Release|Any CPU.ActiveCfg = Release|Any CPU
		{8E99B637-1AE8-43AC-AE17-B43160FAF1DE}.Release|Any CPU.Build.0 = Release|Any CPU
		{8E99B637-1AE8-43AC-AE17-B43160FAF1DE}.Release|Any CPU.Deploy.0 = Release|Any CPU
		{8E99B637-1AE8-43AC-AE17-B43160FAF1DE}.Release|iPhone.ActiveCfg = Release|Any CPU
		{8E99B637-1AE8-43AC-AE17-B43160FAF1DE}.Release|iPhone.Build.0 = Release|Any CPU
		{8E99B637-1AE8-43AC-AE17-B43160FAF1DE}.Release|iPhone.Deploy.0 = Release|Any CPU
		{8E99B637-1AE8-43AC-AE17-B43160FAF1DE}.Release|iPhoneSimulator.ActiveCfg = Release|Any CPU
		{8E99B637-1AE8-43AC-AE17-B43160FAF1DE}.Release|iPhoneSimulator.Build.0 = Release|Any CPU
		{8E99B637-1AE8-43AC-AE17-B43160FAF1DE}.Release|iPhoneSimulator.Deploy.0 = Release|Any CPU
		{4CA517EF-EF59-474A-8271-3545E828CA99}.Debug|Any CPU.ActiveCfg = Debug|iPhoneSimulator
		{4CA517EF-EF59-474A-8271-3545E828CA99}.Debug|Any CPU.Build.0 = Debug|iPhoneSimulator
		{4CA517EF-EF59-474A-8271-3545E828CA99}.Debug|Any CPU.Deploy.0 = Debug|iPhoneSimulator
		{4CA517EF-EF59-474A-8271-3545E828CA99}.Debug|iPhone.ActiveCfg = Debug|iPhone
		{4CA517EF-EF59-474A-8271-3545E828CA99}.Debug|iPhone.Build.0 = Debug|iPhone
		{4CA517EF-EF59-474A-8271-3545E828CA99}.Debug|iPhone.Deploy.0 = Debug|iPhone
		{4CA517EF-EF59-474A-8271-3545E828CA99}.Debug|iPhoneSimulator.ActiveCfg = Debug|iPhoneSimulator
		{4CA517EF-EF59-474A-8271-3545E828CA99}.Debug|iPhoneSimulator.Build.0 = Debug|iPhoneSimulator
		{4CA517EF-EF59-474A-8271-3545E828CA99}.Debug|iPhoneSimulator.Deploy.0 = Debug|iPhoneSimulator
		{4CA517EF-EF59-474A-8271-3545E828CA99}.Release|Any CPU.ActiveCfg = Release|iPhone
		{4CA517EF-EF59-474A-8271-3545E828CA99}.Release|Any CPU.Build.0 = Release|iPhone
		{4CA517EF-EF59-474A-8271-3545E828CA99}.Release|Any CPU.Deploy.0 = Release|iPhone
		{4CA517EF-EF59-474A-8271-3545E828CA99}.Release|iPhone.ActiveCfg = Release|iPhone
		{4CA517EF-EF59-474A-8271-3545E828CA99}.Release|iPhone.Build.0 = Release|iPhone
		{4CA517EF-EF59-474A-8271-3545E828CA99}.Release|iPhone.Deploy.0 = Release|iPhone
		{4CA517EF-EF59-474A-8271-3545E828CA99}.Release|iPhoneSimulator.ActiveCfg = Release|iPhoneSimulator
		{4CA517EF-EF59-474A-8271-3545E828CA99}.Release|iPhoneSimulator.Build.0 = Release|iPhoneSimulator
		{4CA517EF-EF59-474A-8271-3545E828CA99}.Release|iPhoneSimulator.Deploy.0 = Release|iPhoneSimulator
		{80AD608D-1F06-4BD0-BF53-2D10D115A1EA}.Debug|Any CPU.ActiveCfg = Debug|Any CPU
		{80AD608D-1F06-4BD0-BF53-2D10D115A1EA}.Debug|Any CPU.Build.0 = Debug|Any CPU
		{80AD608D-1F06-4BD0-BF53-2D10D115A1EA}.Debug|Any CPU.Deploy.0 = Debug|Any CPU
		{80AD608D-1F06-4BD0-BF53-2D10D115A1EA}.Debug|iPhone.ActiveCfg = Debug|Any CPU
		{80AD608D-1F06-4BD0-BF53-2D10D115A1EA}.Debug|iPhone.Build.0 = Debug|Any CPU
		{80AD608D-1F06-4BD0-BF53-2D10D115A1EA}.Debug|iPhone.Deploy.0 = Debug|Any CPU
		{80AD608D-1F06-4BD0-BF53-2D10D115A1EA}.Debug|iPhoneSimulator.ActiveCfg = Debug|Any CPU
		{80AD608D-1F06-4BD0-BF53-2D10D115A1EA}.Debug|iPhoneSimulator.Build.0 = Debug|Any CPU
		{80AD608D-1F06-4BD0-BF53-2D10D115A1EA}.Debug|iPhoneSimulator.Deploy.0 = Debug|Any CPU
		{80AD608D-1F06-4BD0-BF53-2D10D115A1EA}.Release|Any CPU.ActiveCfg = Release|Any CPU
		{80AD608D-1F06-4BD0-BF53-2D10D115A1EA}.Release|Any CPU.Build.0 = Release|Any CPU
		{80AD608D-1F06-4BD0-BF53-2D10D115A1EA}.Release|Any CPU.Deploy.0 = Release|Any CPU
		{80AD608D-1F06-4BD0-BF53-2D10D115A1EA}.Release|iPhone.ActiveCfg = Release|Any CPU
		{80AD608D-1F06-4BD0-BF53-2D10D115A1EA}.Release|iPhone.Build.0 = Release|Any CPU
		{80AD608D-1F06-4BD0-BF53-2D10D115A1EA}.Release|iPhone.Deploy.0 = Release|Any CPU
		{80AD608D-1F06-4BD0-BF53-2D10D115A1EA}.Release|iPhoneSimulator.ActiveCfg = Release|Any CPU
		{80AD608D-1F06-4BD0-BF53-2D10D115A1EA}.Release|iPhoneSimulator.Build.0 = Release|Any CPU
		{80AD608D-1F06-4BD0-BF53-2D10D115A1EA}.Release|iPhoneSimulator.Deploy.0 = Release|Any CPU
	EndGlobalSection
	GlobalSection(SolutionProperties) = preSolution
		HideSolutionNode = FALSE
	EndGlobalSection
	GlobalSection(ExtensibilityGlobals) = postSolution
		SolutionGuid = {67F14962-02FD-4040-B8F3-E6DD3DE3FBD5}
	EndGlobalSection
EndGlobal
